
Microsoft Visual Studio Solution File, Format Version 12.00
# Visual Studio 15
VisualStudioVersion = 15.0.27703.2042
MinimumVisualStudioVersion = 10.0.40219.1
Project("{8BC9CEB8-8B4A-11D0-8D11-00A0C91BC942}") = "PP01.HelloSDL", "PP01.HelloSDL\PP01.HelloSDL.vcxproj", "{AFE2E5FA-E9B4-46B8-9E00-262AC5BBA3E7}"
EndProject
Project("{8BC9CEB8-8B4A-11D0-8D11-00A0C91BC942}") = "PP03.GameClass", "PP03.GameClass\PP03.GameClass.vcxproj", "{351A3BBF-422D-4B15-890C-F843DF63D20A}"
EndProject
Project("{8BC9CEB8-8B4A-11D0-8D11-00A0C91BC942}") = "PP04.BasicDrawing", "PP04.BasicDrawing\PP04.BasicDrawing.vcxproj", "{73CEE4F8-1111-4B1D-AEBB-AD9EA5C5BFD7}"
EndProject
Project("{8BC9CEB8-8B4A-11D0-8D11-00A0C91BC942}") = "PP05.AnimatingSprite", "PP05.AnimatingSprite\PP05.AnimatingSprite.vcxproj", "{225446DB-F58D-4A71-A967-54BB40BCEBB9}"
EndProject
Project("{8BC9CEB8-8B4A-11D0-8D11-00A0C91BC942}") = "PP06.ImageSprite", "PP06.ImageSprite\PP06.ImageSprite.vcxproj", "{8AA4A9FC-DFEC-4B82-A368-F09BF31276DF}"
EndProject
Project("{8BC9CEB8-8B4A-11D0-8D11-00A0C91BC942}") = "PP07.TextureManager", "PP07.TextureManager\PP07.TextureManager.vcxproj", "{C5BD8113-589F-466F-A397-790C26657E33}"
EndProject
Project("{8BC9CEB8-8B4A-11D0-8D11-00A0C91BC942}") = "PP08.SingletonTM", "PP08.SingletonTM\PP08.SingletonTM.vcxproj", "{589DDCB1-39C8-46FD-A01F-286486C97866}"
EndProject
Project("{8BC9CEB8-8B4A-11D0-8D11-00A0C91BC942}") = "PP09.Inheritance", "PP09.Inheritance\PP09.Inheritance.vcxproj", "{DCD7A229-E70E-4A82-B6B5-D0C624A53D19}"
EndProject
Project("{8BC9CEB8-8B4A-11D0-8D11-00A0C91BC942}") = "PP10.Polymorphism", "PP10.Polymorphism\PP10.Polymorphism.vcxproj", "{0EC6A487-E2DF-4DE3-B7C9-B77AE76C9F9E}"
EndProject
Project("{8BC9CEB8-8B4A-11D0-8D11-00A0C91BC942}") = "PP02.BreakUpHelloSDL", "PP02.BreakUpHelloSDL\PP02.BreakUpHelloSDL.vcxproj", "{981DF43D-F91B-4CCF-9C85-76065D31039C}"
EndProject
Project("{8BC9CEB8-8B4A-11D0-8D11-00A0C91BC942}") = "PP11.AbstractClass", "PP11.AbstractClass\PP11.AbstractClass.vcxproj", "{E3163F9B-FF61-4DB8-95C5-C3DD394BA036}"
EndProject
Project("{8BC9CEB8-8B4A-11D0-8D11-00A0C91BC942}") = "PP12.Vector2D", "PP12.Vector2D\PP12.Vector2D.vcxproj", "{91EA288C-2239-46B4-A2F9-223557620F76}"
EndProject
Project("{8BC9CEB8-8B4A-11D0-8D11-00A0C91BC942}") = "PP13.KInputHandler", "PP13.KInputHandler\PP13.KInputHandler.vcxproj", "{0DB90E75-2DE5-47BE-B62C-70A24094EC54}"
EndProject
Project("{8BC9CEB8-8B4A-11D0-8D11-00A0C91BC942}") = "PP14.MInputHandler", "PP14.MInputHandler\PP14.MInputHandler.vcxproj", "{306F2C3F-A836-4F7C-BD18-A7201453BB4F}"
EndProject
Global
	GlobalSection(SolutionConfigurationPlatforms) = preSolution
		Debug|x64 = Debug|x64
		Debug|x86 = Debug|x86
		Release|x64 = Release|x64
		Release|x86 = Release|x86
	EndGlobalSection
	GlobalSection(ProjectConfigurationPlatforms) = postSolution
		{AFE2E5FA-E9B4-46B8-9E00-262AC5BBA3E7}.Debug|x64.ActiveCfg = Debug|x64
		{AFE2E5FA-E9B4-46B8-9E00-262AC5BBA3E7}.Debug|x64.Build.0 = Debug|x64
		{AFE2E5FA-E9B4-46B8-9E00-262AC5BBA3E7}.Debug|x86.ActiveCfg = Debug|Win32
		{AFE2E5FA-E9B4-46B8-9E00-262AC5BBA3E7}.Debug|x86.Build.0 = Debug|Win32
		{AFE2E5FA-E9B4-46B8-9E00-262AC5BBA3E7}.Release|x64.ActiveCfg = Release|x64
		{AFE2E5FA-E9B4-46B8-9E00-262AC5BBA3E7}.Release|x64.Build.0 = Release|x64
		{AFE2E5FA-E9B4-46B8-9E00-262AC5BBA3E7}.Release|x86.ActiveCfg = Release|Win32
		{AFE2E5FA-E9B4-46B8-9E00-262AC5BBA3E7}.Release|x86.Build.0 = Release|Win32
		{351A3BBF-422D-4B15-890C-F843DF63D20A}.Debug|x64.ActiveCfg = Debug|x64
		{351A3BBF-422D-4B15-890C-F843DF63D20A}.Debug|x64.Build.0 = Debug|x64
		{351A3BBF-422D-4B15-890C-F843DF63D20A}.Debug|x86.ActiveCfg = Debug|Win32
		{351A3BBF-422D-4B15-890C-F843DF63D20A}.Debug|x86.Build.0 = Debug|Win32
		{351A3BBF-422D-4B15-890C-F843DF63D20A}.Release|x64.ActiveCfg = Release|x64
		{351A3BBF-422D-4B15-890C-F843DF63D20A}.Release|x64.Build.0 = Release|x64
		{351A3BBF-422D-4B15-890C-F843DF63D20A}.Release|x86.ActiveCfg = Release|Win32
		{351A3BBF-422D-4B15-890C-F843DF63D20A}.Release|x86.Build.0 = Release|Win32
		{73CEE4F8-1111-4B1D-AEBB-AD9EA5C5BFD7}.Debug|x64.ActiveCfg = Debug|x64
		{73CEE4F8-1111-4B1D-AEBB-AD9EA5C5BFD7}.Debug|x64.Build.0 = Debug|x64
		{73CEE4F8-1111-4B1D-AEBB-AD9EA5C5BFD7}.Debug|x86.ActiveCfg = Debug|Win32
		{73CEE4F8-1111-4B1D-AEBB-AD9EA5C5BFD7}.Debug|x86.Build.0 = Debug|Win32
		{73CEE4F8-1111-4B1D-AEBB-AD9EA5C5BFD7}.Release|x64.ActiveCfg = Release|x64
		{73CEE4F8-1111-4B1D-AEBB-AD9EA5C5BFD7}.Release|x64.Build.0 = Release|x64
		{73CEE4F8-1111-4B1D-AEBB-AD9EA5C5BFD7}.Release|x86.ActiveCfg = Release|Win32
		{73CEE4F8-1111-4B1D-AEBB-AD9EA5C5BFD7}.Release|x86.Build.0 = Release|Win32
		{225446DB-F58D-4A71-A967-54BB40BCEBB9}.Debug|x64.ActiveCfg = Debug|x64
		{225446DB-F58D-4A71-A967-54BB40BCEBB9}.Debug|x64.Build.0 = Debug|x64
		{225446DB-F58D-4A71-A967-54BB40BCEBB9}.Debug|x86.ActiveCfg = Debug|Win32
		{225446DB-F58D-4A71-A967-54BB40BCEBB9}.Debug|x86.Build.0 = Debug|Win32
		{225446DB-F58D-4A71-A967-54BB40BCEBB9}.Release|x64.ActiveCfg = Release|x64
		{225446DB-F58D-4A71-A967-54BB40BCEBB9}.Release|x64.Build.0 = Release|x64
		{225446DB-F58D-4A71-A967-54BB40BCEBB9}.Release|x86.ActiveCfg = Release|Win32
		{225446DB-F58D-4A71-A967-54BB40BCEBB9}.Release|x86.Build.0 = Release|Win32
		{8AA4A9FC-DFEC-4B82-A368-F09BF31276DF}.Debug|x64.ActiveCfg = Debug|x64
		{8AA4A9FC-DFEC-4B82-A368-F09BF31276DF}.Debug|x64.Build.0 = Debug|x64
		{8AA4A9FC-DFEC-4B82-A368-F09BF31276DF}.Debug|x86.ActiveCfg = Debug|Win32
		{8AA4A9FC-DFEC-4B82-A368-F09BF31276DF}.Debug|x86.Build.0 = Debug|Win32
		{8AA4A9FC-DFEC-4B82-A368-F09BF31276DF}.Release|x64.ActiveCfg = Release|x64
		{8AA4A9FC-DFEC-4B82-A368-F09BF31276DF}.Release|x64.Build.0 = Release|x64
		{8AA4A9FC-DFEC-4B82-A368-F09BF31276DF}.Release|x86.ActiveCfg = Release|Win32
		{8AA4A9FC-DFEC-4B82-A368-F09BF31276DF}.Release|x86.Build.0 = Release|Win32
		{C5BD8113-589F-466F-A397-790C26657E33}.Debug|x64.ActiveCfg = Debug|x64
		{C5BD8113-589F-466F-A397-790C26657E33}.Debug|x64.Build.0 = Debug|x64
		{C5BD8113-589F-466F-A397-790C26657E33}.Debug|x86.ActiveCfg = Debug|Win32
		{C5BD8113-589F-466F-A397-790C26657E33}.Debug|x86.Build.0 = Debug|Win32
		{C5BD8113-589F-466F-A397-790C26657E33}.Release|x64.ActiveCfg = Release|x64
		{C5BD8113-589F-466F-A397-790C26657E33}.Release|x64.Build.0 = Release|x64
		{C5BD8113-589F-466F-A397-790C26657E33}.Release|x86.ActiveCfg = Release|Win32
		{C5BD8113-589F-466F-A397-790C26657E33}.Release|x86.Build.0 = Release|Win32
		{589DDCB1-39C8-46FD-A01F-286486C97866}.Debug|x64.ActiveCfg = Debug|x64
		{589DDCB1-39C8-46FD-A01F-286486C97866}.Debug|x64.Build.0 = Debug|x64
		{589DDCB1-39C8-46FD-A01F-286486C97866}.Debug|x86.ActiveCfg = Debug|Win32
		{589DDCB1-39C8-46FD-A01F-286486C97866}.Debug|x86.Build.0 = Debug|Win32
		{589DDCB1-39C8-46FD-A01F-286486C97866}.Release|x64.ActiveCfg = Release|x64
		{589DDCB1-39C8-46FD-A01F-286486C97866}.Release|x64.Build.0 = Release|x64
		{589DDCB1-39C8-46FD-A01F-286486C97866}.Release|x86.ActiveCfg = Release|Win32
		{589DDCB1-39C8-46FD-A01F-286486C97866}.Release|x86.Build.0 = Release|Win32
		{DCD7A229-E70E-4A82-B6B5-D0C624A53D19}.Debug|x64.ActiveCfg = Debug|x64
		{DCD7A229-E70E-4A82-B6B5-D0C624A53D19}.Debug|x64.Build.0 = Debug|x64
		{DCD7A229-E70E-4A82-B6B5-D0C624A53D19}.Debug|x86.ActiveCfg = Debug|Win32
		{DCD7A229-E70E-4A82-B6B5-D0C624A53D19}.Debug|x86.Build.0 = Debug|Win32
		{DCD7A229-E70E-4A82-B6B5-D0C624A53D19}.Release|x64.ActiveCfg = Release|x64
		{DCD7A229-E70E-4A82-B6B5-D0C624A53D19}.Release|x64.Build.0 = Release|x64
		{DCD7A229-E70E-4A82-B6B5-D0C624A53D19}.Release|x86.ActiveCfg = Release|Win32
		{DCD7A229-E70E-4A82-B6B5-D0C624A53D19}.Release|x86.Build.0 = Release|Win32
		{0EC6A487-E2DF-4DE3-B7C9-B77AE76C9F9E}.Debug|x64.ActiveCfg = Debug|x64
		{0EC6A487-E2DF-4DE3-B7C9-B77AE76C9F9E}.Debug|x64.Build.0 = Debug|x64
		{0EC6A487-E2DF-4DE3-B7C9-B77AE76C9F9E}.Debug|x86.ActiveCfg = Debug|Win32
		{0EC6A487-E2DF-4DE3-B7C9-B77AE76C9F9E}.Debug|x86.Build.0 = Debug|Win32
		{0EC6A487-E2DF-4DE3-B7C9-B77AE76C9F9E}.Release|x64.ActiveCfg = Release|x64
		{0EC6A487-E2DF-4DE3-B7C9-B77AE76C9F9E}.Release|x64.Build.0 = Release|x64
		{0EC6A487-E2DF-4DE3-B7C9-B77AE76C9F9E}.Release|x86.ActiveCfg = Release|Win32
		{0EC6A487-E2DF-4DE3-B7C9-B77AE76C9F9E}.Release|x86.Build.0 = Release|Win32
		{981DF43D-F91B-4CCF-9C85-76065D31039C}.Debug|x64.ActiveCfg = Debug|x64
		{981DF43D-F91B-4CCF-9C85-76065D31039C}.Debug|x64.Build.0 = Debug|x64
		{981DF43D-F91B-4CCF-9C85-76065D31039C}.Debug|x86.ActiveCfg = Debug|Win32
		{981DF43D-F91B-4CCF-9C85-76065D31039C}.Debug|x86.Build.0 = Debug|Win32
		{981DF43D-F91B-4CCF-9C85-76065D31039C}.Release|x64.ActiveCfg = Release|x64
		{981DF43D-F91B-4CCF-9C85-76065D31039C}.Release|x64.Build.0 = Release|x64
		{981DF43D-F91B-4CCF-9C85-76065D31039C}.Release|x86.ActiveCfg = Release|Win32
		{981DF43D-F91B-4CCF-9C85-76065D31039C}.Release|x86.Build.0 = Release|Win32
		{E3163F9B-FF61-4DB8-95C5-C3DD394BA036}.Debug|x64.ActiveCfg = Debug|x64
		{E3163F9B-FF61-4DB8-95C5-C3DD394BA036}.Debug|x64.Build.0 = Debug|x64
		{E3163F9B-FF61-4DB8-95C5-C3DD394BA036}.Debug|x86.ActiveCfg = Debug|Win32
		{E3163F9B-FF61-4DB8-95C5-C3DD394BA036}.Debug|x86.Build.0 = Debug|Win32
		{E3163F9B-FF61-4DB8-95C5-C3DD394BA036}.Release|x64.ActiveCfg = Release|x64
		{E3163F9B-FF61-4DB8-95C5-C3DD394BA036}.Release|x64.Build.0 = Release|x64
		{E3163F9B-FF61-4DB8-95C5-C3DD394BA036}.Release|x86.ActiveCfg = Release|Win32
		{E3163F9B-FF61-4DB8-95C5-C3DD394BA036}.Release|x86.Build.0 = Release|Win32
		{91EA288C-2239-46B4-A2F9-223557620F76}.Debug|x64.ActiveCfg = Debug|x64
		{91EA288C-2239-46B4-A2F9-223557620F76}.Debug|x64.Build.0 = Debug|x64
		{91EA288C-2239-46B4-A2F9-223557620F76}.Debug|x86.ActiveCfg = Debug|Win32
		{91EA288C-2239-46B4-A2F9-223557620F76}.Debug|x86.Build.0 = Debug|Win32
		{91EA288C-2239-46B4-A2F9-223557620F76}.Release|x64.ActiveCfg = Release|x64
		{91EA288C-2239-46B4-A2F9-223557620F76}.Release|x64.Build.0 = Release|x64
		{91EA288C-2239-46B4-A2F9-223557620F76}.Release|x86.ActiveCfg = Release|Win32
		{91EA288C-2239-46B4-A2F9-223557620F76}.Release|x86.Build.0 = Release|Win32
		{0DB90E75-2DE5-47BE-B62C-70A24094EC54}.Debug|x64.ActiveCfg = Debug|x64
		{0DB90E75-2DE5-47BE-B62C-70A24094EC54}.Debug|x64.Build.0 = Debug|x64
		{0DB90E75-2DE5-47BE-B62C-70A24094EC54}.Debug|x86.ActiveCfg = Debug|Win32
		{0DB90E75-2DE5-47BE-B62C-70A24094EC54}.Debug|x86.Build.0 = Debug|Win32
		{0DB90E75-2DE5-47BE-B62C-70A24094EC54}.Release|x64.ActiveCfg = Release|x64
		{0DB90E75-2DE5-47BE-B62C-70A24094EC54}.Release|x64.Build.0 = Release|x64
		{0DB90E75-2DE5-47BE-B62C-70A24094EC54}.Release|x86.ActiveCfg = Release|Win32
		{0DB90E75-2DE5-47BE-B62C-70A24094EC54}.Release|x86.Build.0 = Release|Win32
		{306F2C3F-A836-4F7C-BD18-A7201453BB4F}.Debug|x64.ActiveCfg = Debug|x64
		{306F2C3F-A836-4F7C-BD18-A7201453BB4F}.Debug|x64.Build.0 = Debug|x64
		{306F2C3F-A836-4F7C-BD18-A7201453BB4F}.Debug|x86.ActiveCfg = Debug|Win32
		{306F2C3F-A836-4F7C-BD18-A7201453BB4F}.Debug|x86.Build.0 = Debug|Win32
		{306F2C3F-A836-4F7C-BD18-A7201453BB4F}.Release|x64.ActiveCfg = Release|x64
		{306F2C3F-A836-4F7C-BD18-A7201453BB4F}.Release|x64.Build.0 = Release|x64
		{306F2C3F-A836-4F7C-BD18-A7201453BB4F}.Release|x86.ActiveCfg = Release|Win32
		{306F2C3F-A836-4F7C-BD18-A7201453BB4F}.Release|x86.Build.0 = Release|Win32
	EndGlobalSection
	GlobalSection(SolutionProperties) = preSolution
		HideSolutionNode = FALSE
	EndGlobalSection
	GlobalSection(ExtensibilityGlobals) = postSolution
		SolutionGuid = {650951D0-975A-4433-8991-12EC6D23CE22}
	EndGlobalSection
EndGlobal
